
Microsoft Visual Studio Solution File, Format Version 12.00
# Visual Studio Version 16
VisualStudioVersion = 16.0.31702.278
MinimumVisualStudioVersion = 10.0.40219.1
Project("{9A19103F-16F7-4668-BE54-9A1E7A4F7556}") = "FoodShopData", "FoodShopData\FoodShopData.csproj", "{01AE932F-4778-4EAB-847C-7D75DAA33100}"
EndProject
Project("{9A19103F-16F7-4668-BE54-9A1E7A4F7556}") = "FoodShopAPI", "FoodShopAPI\FoodShopAPI.csproj", "{89D1991C-7DB4-4C15-922A-EC8875CD7FCF}"
EndProject
Project("{9A19103F-16F7-4668-BE54-9A1E7A4F7556}") = "FoodShopModel", "FoodShopModel\FoodShopModel.csproj", "{CF9E7E45-3C3A-43E4-976C-068254D0F7DC}"
EndProject
Project("{9A19103F-16F7-4668-BE54-9A1E7A4F7556}") = "FoodShopAdminApp", "FoodShopAdminApp\FoodShopAdminApp.csproj", "{F52C6E3B-5B3A-473B-B3C2-70C65452F4D4}"
EndProject
Project("{9A19103F-16F7-4668-BE54-9A1E7A4F7556}") = "FoodShop", "FoodShop\FoodShop.csproj", "{B7C1EC78-D691-4E5A-AEAE-8944D2A00089}"
EndProject
Project("{FAE04EC0-301F-11D3-BF4B-00C04F79EFBC}") = "FoodShopServiceAPI", "FoodShopServiceAPI\FoodShopServiceAPI.csproj", "{06199D2B-D970-434C-8835-43FDC49CDEBE}"
EndProject
Global
	GlobalSection(SolutionConfigurationPlatforms) = preSolution
		Debug|Any CPU = Debug|Any CPU
		Release|Any CPU = Release|Any CPU
	EndGlobalSection
	GlobalSection(ProjectConfigurationPlatforms) = postSolution
		{01AE932F-4778-4EAB-847C-7D75DAA33100}.Debug|Any CPU.ActiveCfg = Debug|Any CPU
		{01AE932F-4778-4EAB-847C-7D75DAA33100}.Debug|Any CPU.Build.0 = Debug|Any CPU
		{01AE932F-4778-4EAB-847C-7D75DAA33100}.Release|Any CPU.ActiveCfg = Release|Any CPU
		{01AE932F-4778-4EAB-847C-7D75DAA33100}.Release|Any CPU.Build.0 = Release|Any CPU
		{89D1991C-7DB4-4C15-922A-EC8875CD7FCF}.Debug|Any CPU.ActiveCfg = Debug|Any CPU
		{89D1991C-7DB4-4C15-922A-EC8875CD7FCF}.Debug|Any CPU.Build.0 = Debug|Any CPU
		{89D1991C-7DB4-4C15-922A-EC8875CD7FCF}.Release|Any CPU.ActiveCfg = Release|Any CPU
		{89D1991C-7DB4-4C15-922A-EC8875CD7FCF}.Release|Any CPU.Build.0 = Release|Any CPU
		{CF9E7E45-3C3A-43E4-976C-068254D0F7DC}.Debug|Any CPU.ActiveCfg = Debug|Any CPU
		{CF9E7E45-3C3A-43E4-976C-068254D0F7DC}.Debug|Any CPU.Build.0 = Debug|Any CPU
		{CF9E7E45-3C3A-43E4-976C-068254D0F7DC}.Release|Any CPU.ActiveCfg = Release|Any CPU
		{CF9E7E45-3C3A-43E4-976C-068254D0F7DC}.Release|Any CPU.Build.0 = Release|Any CPU
		{F52C6E3B-5B3A-473B-B3C2-70C65452F4D4}.Debug|Any CPU.ActiveCfg = Debug|Any CPU
		{F52C6E3B-5B3A-473B-B3C2-70C65452F4D4}.Debug|Any CPU.Build.0 = Debug|Any CPU
		{F52C6E3B-5B3A-473B-B3C2-70C65452F4D4}.Release|Any CPU.ActiveCfg = Release|Any CPU
		{F52C6E3B-5B3A-473B-B3C2-70C65452F4D4}.Release|Any CPU.Build.0 = Release|Any CPU
		{B7C1EC78-D691-4E5A-AEAE-8944D2A00089}.Debug|Any CPU.ActiveCfg = Debug|Any CPU
		{B7C1EC78-D691-4E5A-AEAE-8944D2A00089}.Debug|Any CPU.Build.0 = Debug|Any CPU
		{B7C1EC78-D691-4E5A-AEAE-8944D2A00089}.Release|Any CPU.ActiveCfg = Release|Any CPU
		{B7C1EC78-D691-4E5A-AEAE-8944D2A00089}.Release|Any CPU.Build.0 = Release|Any CPU
		{06199D2B-D970-434C-8835-43FDC49CDEBE}.Debug|Any CPU.ActiveCfg = Debug|Any CPU
		{06199D2B-D970-434C-8835-43FDC49CDEBE}.Debug|Any CPU.Build.0 = Debug|Any CPU
		{06199D2B-D970-434C-8835-43FDC49CDEBE}.Release|Any CPU.ActiveCfg = Release|Any CPU
		{06199D2B-D970-434C-8835-43FDC49CDEBE}.Release|Any CPU.Build.0 = Release|Any CPU
	EndGlobalSection
	GlobalSection(SolutionProperties) = preSolution
		HideSolutionNode = FALSE
	EndGlobalSection
	GlobalSection(ExtensibilityGlobals) = postSolution
		SolutionGuid = {767D15AC-B9DD-4235-993E-4AEA4927AAC4}
	EndGlobalSection
EndGlobal
